// !$*UTF8*$!
{
	archiveVersion = 1;
	classes = {
	};
	objectVersion = 46;
	objects = {

/* Begin PBXFileReference section */
		051203EB12E1A6C900F07A22 /* makefile */ = {isa = PBXFileReference; fileEncoding = 4; lastKnownFileType = sourcecode.make; path = makefile; sourceTree = "<group>"; };
		051203ED12E1A6C900F07A22 /* C++.mk */ = {isa = PBXFileReference; fileEncoding = 4; lastKnownFileType = text; path = "C++.mk"; sourceTree = "<group>"; };
		051203EE12E1A6C900F07A22 /* C.mk */ = {isa = PBXFileReference; fileEncoding = 4; lastKnownFileType = text; path = C.mk; sourceTree = "<group>"; };
		051203EF12E1A6C900F07A22 /* Objective-C.mk */ = {isa = PBXFileReference; fileEncoding = 4; lastKnownFileType = text; path = "Objective-C.mk"; sourceTree = "<group>"; };
		051203F012E1A6C900F07A22 /* makefile-config.mk */ = {isa = PBXFileReference; fileEncoding = 4; lastKnownFileType = text; path = "makefile-config.mk"; sourceTree = "<group>"; };
		051203F212E1A6C900F07A22 /* en.mk */ = {isa = PBXFileReference; fileEncoding = 4; lastKnownFileType = text; path = en.mk; sourceTree = "<group>"; };
		051203F312E1A6C900F07A22 /* fr.mk */ = {isa = PBXFileReference; fileEncoding = 4; lastKnownFileType = text; path = fr.mk; sourceTree = "<group>"; };
		051203F812E1A6C900F07A22 /* libdebug.h */ = {isa = PBXFileReference; fileEncoding = 4; lastKnownFileType = sourcecode.c.h; path = libdebug.h; sourceTree = "<group>"; };
		051203F912E1A6C900F07A22 /* libio.h */ = {isa = PBXFileReference; fileEncoding = 4; lastKnownFileType = sourcecode.c.h; path = libio.h; sourceTree = "<group>"; };
		051203FA12E1A6C900F07A22 /* libprogressbar.h */ = {isa = PBXFileReference; fileEncoding = 4; lastKnownFileType = sourcecode.c.h; path = libprogressbar.h; sourceTree = "<group>"; };
		051203FB12E1A6C900F07A22 /* libdebug.c */ = {isa = PBXFileReference; fileEncoding = 4; lastKnownFileType = sourcecode.c.c; path = libdebug.c; sourceTree = "<group>"; };
		051203FC12E1A6C900F07A22 /* libio.c */ = {isa = PBXFileReference; fileEncoding = 4; lastKnownFileType = sourcecode.c.c; path = libio.c; sourceTree = "<group>"; };
		051203FD12E1A6C900F07A22 /* libprogressbar.c */ = {isa = PBXFileReference; fileEncoding = 4; lastKnownFileType = sourcecode.c.c; path = libprogressbar.c; sourceTree = "<group>"; };
		051203FF12E1A73700F07A22 /* lzwm.h */ = {isa = PBXFileReference; fileEncoding = 4; lastKnownFileType = sourcecode.c.h; path = lzwm.h; sourceTree = "<group>"; };
		0512040012E1A73D00F07A22 /* lzwm.c */ = {isa = PBXFileReference; fileEncoding = 4; lastKnownFileType = sourcecode.c.c; path = lzwm.c; sourceTree = "<group>"; };
		0512040112E1A80900F07A22 /* help.c */ = {isa = PBXFileReference; fileEncoding = 4; lastKnownFileType = sourcecode.c.c; path = help.c; sourceTree = "<group>"; };
		0512040312E1A82300F07A22 /* help.h */ = {isa = PBXFileReference; fileEncoding = 4; lastKnownFileType = sourcecode.c.h; path = help.h; sourceTree = "<group>"; };
		0512040412E1A94B00F07A22 /* args.h */ = {isa = PBXFileReference; fileEncoding = 4; lastKnownFileType = sourcecode.c.h; path = args.h; sourceTree = "<group>"; };
		0512040512E1A94B00F07A22 /* constants.h */ = {isa = PBXFileReference; fileEncoding = 4; lastKnownFileType = sourcecode.c.h; path = constants.h; sourceTree = "<group>"; };
		0512040612E1A94B00F07A22 /* macros.h */ = {isa = PBXFileReference; fileEncoding = 4; lastKnownFileType = sourcecode.c.h; path = macros.h; sourceTree = "<group>"; };
		0512040712E1A94B00F07A22 /* types.h */ = {isa = PBXFileReference; fileEncoding = 4; lastKnownFileType = sourcecode.c.h; path = types.h; sourceTree = "<group>"; };
		0512040812E1A95F00F07A22 /* args.c */ = {isa = PBXFileReference; fileEncoding = 4; lastKnownFileType = sourcecode.c.c; path = args.c; sourceTree = "<group>"; };
		0512040B12E1AA9900F07A22 /* __machine.h */ = {isa = PBXFileReference; fileEncoding = 4; lastKnownFileType = sourcecode.c.h; path = __machine.h; sourceTree = "<group>"; };
		0512040D12E1AA9900F07A22 /* __arm.h */ = {isa = PBXFileReference; fileEncoding = 4; lastKnownFileType = sourcecode.c.h; path = __arm.h; sourceTree = "<group>"; };
		0512040E12E1AA9900F07A22 /* __i386.h */ = {isa = PBXFileReference; fileEncoding = 4; lastKnownFileType = sourcecode.c.h; path = __i386.h; sourceTree = "<group>"; };
		0512040F12E1AA9900F07A22 /* eos-skl.h */ = {isa = PBXFileReference; fileEncoding = 4; lastKnownFileType = sourcecode.c.h; path = "eos-skl.h"; sourceTree = "<group>"; };
		0512041112E1AA9900F07A22 /* bool.h */ = {isa = PBXFileReference; fileEncoding = 4; lastKnownFileType = sourcecode.c.h; path = bool.h; sourceTree = "<group>"; };
		0512041212E1AA9900F07A22 /* c89.h */ = {isa = PBXFileReference; fileEncoding = 4; lastKnownFileType = sourcecode.c.h; path = c89.h; sourceTree = "<group>"; };
		0512041312E1AA9900F07A22 /* c95.h */ = {isa = PBXFileReference; fileEncoding = 4; lastKnownFileType = sourcecode.c.h; path = c95.h; sourceTree = "<group>"; };
		0512041412E1AA9900F07A22 /* c99.h */ = {isa = PBXFileReference; fileEncoding = 4; lastKnownFileType = sourcecode.c.h; path = c99.h; sourceTree = "<group>"; };
		0512041512E1AA9900F07A22 /* glibc.h */ = {isa = PBXFileReference; fileEncoding = 4; lastKnownFileType = sourcecode.c.h; path = glibc.h; sourceTree = "<group>"; };
		0512041612E1AA9900F07A22 /* posix.h */ = {isa = PBXFileReference; fileEncoding = 4; lastKnownFileType = sourcecode.c.h; path = posix.h; sourceTree = "<group>"; };
		0512041812E1AA9900F07A22 /* ascii.h */ = {isa = PBXFileReference; fileEncoding = 4; lastKnownFileType = sourcecode.c.h; path = ascii.h; sourceTree = "<group>"; };
		0512041912E1AA9900F07A22 /* bitwise.h */ = {isa = PBXFileReference; fileEncoding = 4; lastKnownFileType = sourcecode.c.h; path = bitwise.h; sourceTree = "<group>"; };
		0512041A12E1AA9900F07A22 /* gnuc.h */ = {isa = PBXFileReference; fileEncoding = 4; lastKnownFileType = sourcecode.c.h; path = gnuc.h; sourceTree = "<group>"; };
		0512041B12E1AA9900F07A22 /* keywords.h */ = {isa = PBXFileReference; fileEncoding = 4; lastKnownFileType = sourcecode.c.h; path = keywords.h; sourceTree = "<group>"; };
		0512041C12E1AA9900F07A22 /* math.h */ = {isa = PBXFileReference; fileEncoding = 4; lastKnownFileType = sourcecode.c.h; path = math.h; sourceTree = "<group>"; };
		0512041D12E1AA9900F07A22 /* string.h */ = {isa = PBXFileReference; fileEncoding = 4; lastKnownFileType = sourcecode.c.h; path = string.h; sourceTree = "<group>"; };
		0512041E12E1AA9900F07A22 /* std-extras.h */ = {isa = PBXFileReference; fileEncoding = 4; lastKnownFileType = sourcecode.c.h; path = "std-extras.h"; sourceTree = "<group>"; };
/* End PBXFileReference section */

/* Begin PBXGroup section */
		051203D812E1A44D00F07A22 = {
			isa = PBXGroup;
			children = (
				051203EB12E1A6C900F07A22 /* makefile */,
				051203EC12E1A6C900F07A22 /* makefile-code */,
				051203F012E1A6C900F07A22 /* makefile-config.mk */,
				051203F112E1A6C900F07A22 /* makefile-lang */,
				051203F412E1A6C900F07A22 /* source */,
			);
			sourceTree = "<group>";
		};
		051203EC12E1A6C900F07A22 /* makefile-code */ = {
			isa = PBXGroup;
			children = (
				051203ED12E1A6C900F07A22 /* C++.mk */,
				051203EE12E1A6C900F07A22 /* C.mk */,
				051203EF12E1A6C900F07A22 /* Objective-C.mk */,
			);
			path = "makefile-code";
			sourceTree = "<group>";
		};
		051203F112E1A6C900F07A22 /* makefile-lang */ = {
			isa = PBXGroup;
			children = (
				051203F212E1A6C900F07A22 /* en.mk */,
				051203F312E1A6C900F07A22 /* fr.mk */,
			);
			path = "makefile-lang";
			sourceTree = "<group>";
		};
		051203F412E1A6C900F07A22 /* source */ = {
			isa = PBXGroup;
			children = (
				0512040812E1A95F00F07A22 /* args.c */,
				0512040112E1A80900F07A22 /* help.c */,
				0512040012E1A73D00F07A22 /* lzwm.c */,
				051203F512E1A6C900F07A22 /* include */,
				051203F612E1A6C900F07A22 /* lib */,
			);
			path = source;
			sourceTree = "<group>";
		};
		051203F512E1A6C900F07A22 /* include */ = {
			isa = PBXGroup;
			children = (
				0512040912E1AA9900F07A22 /* eos-skl */,
				0512041012E1AA9900F07A22 /* stdc */,
				0512040412E1A94B00F07A22 /* args.h */,
				0512040512E1A94B00F07A22 /* constants.h */,
				0512040312E1A82300F07A22 /* help.h */,
				051203FF12E1A73700F07A22 /* lzwm.h */,
				0512040612E1A94B00F07A22 /* macros.h */,
				0512040712E1A94B00F07A22 /* types.h */,
			);
			path = include;
			sourceTree = "<group>";
		};
		051203F612E1A6C900F07A22 /* lib */ = {
			isa = PBXGroup;
			children = (
				051203F712E1A6C900F07A22 /* include */,
				051203FB12E1A6C900F07A22 /* libdebug.c */,
				051203FC12E1A6C900F07A22 /* libio.c */,
				051203FD12E1A6C900F07A22 /* libprogressbar.c */,
			);
			path = lib;
			sourceTree = "<group>";
		};
		051203F712E1A6C900F07A22 /* include */ = {
			isa = PBXGroup;
			children = (
				051203F812E1A6C900F07A22 /* libdebug.h */,
				051203F912E1A6C900F07A22 /* libio.h */,
				051203FA12E1A6C900F07A22 /* libprogressbar.h */,
			);
			path = include;
			sourceTree = "<group>";
		};
		0512040912E1AA9900F07A22 /* eos-skl */ = {
			isa = PBXGroup;
			children = (
				0512040A12E1AA9900F07A22 /* __private */,
				0512040F12E1AA9900F07A22 /* eos-skl.h */,
			);
			path = "eos-skl";
			sourceTree = "<group>";
		};
		0512040A12E1AA9900F07A22 /* __private */ = {
			isa = PBXGroup;
			children = (
				0512040B12E1AA9900F07A22 /* __machine.h */,
				0512040C12E1AA9900F07A22 /* arch */,
			);
			path = __private;
			sourceTree = "<group>";
		};
		0512040C12E1AA9900F07A22 /* arch */ = {
			isa = PBXGroup;
			children = (
				0512040D12E1AA9900F07A22 /* __arm.h */,
				0512040E12E1AA9900F07A22 /* __i386.h */,
			);
			path = arch;
			sourceTree = "<group>";
		};
		0512041012E1AA9900F07A22 /* stdc */ = {
			isa = PBXGroup;
			children = (
				0512041112E1AA9900F07A22 /* bool.h */,
				0512041212E1AA9900F07A22 /* c89.h */,
				0512041312E1AA9900F07A22 /* c95.h */,
				0512041412E1AA9900F07A22 /* c99.h */,
				0512041512E1AA9900F07A22 /* glibc.h */,
				0512041612E1AA9900F07A22 /* posix.h */,
				0512041712E1AA9900F07A22 /* std-extras */,
				0512041E12E1AA9900F07A22 /* std-extras.h */,
			);
			path = stdc;
			sourceTree = "<group>";
		};
		0512041712E1AA9900F07A22 /* std-extras */ = {
			isa = PBXGroup;
			children = (
				0512041812E1AA9900F07A22 /* ascii.h */,
				0512041912E1AA9900F07A22 /* bitwise.h */,
				0512041A12E1AA9900F07A22 /* gnuc.h */,
				0512041B12E1AA9900F07A22 /* keywords.h */,
				0512041C12E1AA9900F07A22 /* math.h */,
				0512041D12E1AA9900F07A22 /* string.h */,
			);
			path = "std-extras";
			sourceTree = "<group>";
		};
/* End PBXGroup section */

/* Begin PBXLegacyTarget section */
		051203DF12E1A44D00F07A22 /* lzwm */ = {
			isa = PBXLegacyTarget;
			buildArgumentsString = "$(ACTION)";
			buildConfigurationList = 051203E212E1A44D00F07A22 /* Build configuration list for PBXLegacyTarget "lzwm" */;
			buildPhases = (
			);
			buildToolPath = /usr/bin/make;
			dependencies = (
			);
			name = lzwm;
			passBuildSettingsInEnvironment = 1;
			productName = lzwm;
		};
/* End PBXLegacyTarget section */

/* Begin PBXProject section */
		051203DA12E1A44D00F07A22 /* Project object */ = {
			isa = PBXProject;
			attributes = {
				ORGANIZATIONNAME = eosgarden;
			};
			buildConfigurationList = 051203DD12E1A44D00F07A22 /* Build configuration list for PBXProject "lzwm" */;
			compatibilityVersion = "Xcode 3.2";
			developmentRegion = English;
			hasScannedForEncodings = 0;
			knownRegions = (
				en,
			);
			mainGroup = 051203D812E1A44D00F07A22;
			projectDirPath = "";
			projectRoot = "";
			targets = (
				051203DF12E1A44D00F07A22 /* lzwm */,
			);
		};
/* End PBXProject section */

/* Begin XCBuildConfiguration section */
		051203E012E1A44D00F07A22 /* Debug */ = {
			isa = XCBuildConfiguration;
			buildSettings = {
				ARCHS = "$(ARCHS_STANDARD_32_64_BIT)";
				GCC_C_LANGUAGE_STANDARD = gnu99;
				GCC_OPTIMIZATION_LEVEL = 0;
				GCC_PREPROCESSOR_DEFINITIONS = DEBUG;
				GCC_VERSION = com.apple.compilers.llvm.clang.1_0;
				GCC_WARN_ABOUT_RETURN_TYPE = YES;
				GCC_WARN_UNUSED_VARIABLE = YES;
				MACOSX_DEPLOYMENT_TARGET = 10.6;
				ONLY_ACTIVE_ARCH = YES;
				SDKROOT = macosx;
			};
			name = Debug;
		};
		051203E112E1A44D00F07A22 /* Release */ = {
			isa = XCBuildConfiguration;
			buildSettings = {
				ARCHS = "$(ARCHS_STANDARD_32_64_BIT)";
				GCC_C_LANGUAGE_STANDARD = gnu99;
				GCC_VERSION = com.apple.compilers.llvm.clang.1_0;
				GCC_WARN_ABOUT_RETURN_TYPE = YES;
				GCC_WARN_UNUSED_VARIABLE = YES;
				MACOSX_DEPLOYMENT_TARGET = 10.6;
				SDKROOT = macosx;
			};
			name = Release;
		};
		051203E312E1A44D00F07A22 /* Debug */ = {
			isa = XCBuildConfiguration;
			buildSettings = {
				ALWAYS_SEARCH_USER_PATHS = NO;
				COPY_PHASE_STRIP = NO;
				DEBUGGING_SYMBOLS = YES;
				GCC_DYNAMIC_NO_PIC = NO;
				GCC_ENABLE_OBJC_EXCEPTIONS = YES;
				GCC_GENERATE_DEBUGGING_SYMBOLS = YES;
				GCC_OPTIMIZATION_LEVEL = 0;
				OTHER_CFLAGS = "";
				OTHER_LDFLAGS = "";
				PRODUCT_NAME = "$(TARGET_NAME)";
			};
			name = Debug;
		};
		051203E412E1A44D00F07A22 /* Release */ = {
			isa = XCBuildConfiguration;
			buildSettings = {
				ALWAYS_SEARCH_USER_PATHS = NO;
				COPY_PHASE_STRIP = YES;
				DEBUG_INFORMATION_FORMAT = "dwarf-with-dsym";
				GCC_ENABLE_OBJC_EXCEPTIONS = YES;
				OTHER_CFLAGS = "";
				OTHER_LDFLAGS = "";
				PRODUCT_NAME = "$(TARGET_NAME)";
			};
			name = Release;
		};
/* End XCBuildConfiguration section */

/* Begin XCConfigurationList section */
		051203DD12E1A44D00F07A22 /* Build configuration list for PBXProject "lzwm" */ = {
			isa = XCConfigurationList;
			buildConfigurations = (
				051203E012E1A44D00F07A22 /* Debug */,
				051203E112E1A44D00F07A22 /* Release */,
			);
			defaultConfigurationIsVisible = 0;
			defaultConfigurationName = Release;
		};
		051203E212E1A44D00F07A22 /* Build configuration list for PBXLegacyTarget "lzwm" */ = {
			isa = XCConfigurationList;
			buildConfigurations = (
				051203E312E1A44D00F07A22 /* Debug */,
				051203E412E1A44D00F07A22 /* Release */,
			);
			defaultConfigurationIsVisible = 0;
			defaultConfigurationName = Release;
		};
/* End XCConfigurationList section */
	};
	rootObject = 051203DA12E1A44D00F07A22 /* Project object */;
}
